Microsoft Visual Studio Solution File, Format Version 12.00
# Visual Studio Version 16
VisualStudioVersion = 16.0.29306.81
MinimumVisualStudioVersion = 10.0.40219.1
Project("{FAE04EC0-301F-11D3-BF4B-00C04F79EFBC}") = "SDC", "SDC\SDC.csproj", "{92F41E0A-DF62-45A8-A718-21FE0FFD364E}"
EndProject
Global
	GlobalSection(SolutionConfigurationPlatforms) = preSolution
		Debug|anycpu = Debug|anycpu
		R1|anycpu = R1|anycpu
		R2|anycpu = R2|anycpu
		R3|anycpu = R3|anycpu
		R4|anycpu = R4|anycpu
		R5|anycpu = R5|anycpu
		Release|anycpu = Release|anycpu
	EndGlobalSection
	GlobalSection(ProjectConfigurationPlatforms) = postSolution
		{92F41E0A-DF62-45A8-A718-21FE0FFD364E}.Debug|anycpu.ActiveCfg = Debug|Any CPU
		{92F41E0A-DF62-45A8-A718-21FE0FFD364E}.Debug|anycpu.Build.0 = Debug|Any CPU
		{92F41E0A-DF62-45A8-A718-21FE0FFD364E}.R1|anycpu.ActiveCfg = R1|Any CPU
		{92F41E0A-DF62-45A8-A718-21FE0FFD364E}.R1|anycpu.Build.0 = R1|Any CPU
		{92F41E0A-DF62-45A8-A718-21FE0FFD364E}.R2|anycpu.ActiveCfg = R2|Any CPU
		{92F41E0A-DF62-45A8-A718-21FE0FFD364E}.R2|anycpu.Build.0 = R2|Any CPU
		{92F41E0A-DF62-45A8-A718-21FE0FFD364E}.R3|anycpu.ActiveCfg = R3|Any CPU
		{92F41E0A-DF62-45A8-A718-21FE0FFD364E}.R3|anycpu.Build.0 = R3|Any CPU
		{92F41E0A-DF62-45A8-A718-21FE0FFD364E}.R4|anycpu.ActiveCfg = R4|Any CPU
		{92F41E0A-DF62-45A8-A718-21FE0FFD364E}.R4|anycpu.Build.0 = R4|Any CPU
		{92F41E0A-DF62-45A8-A718-21FE0FFD364E}.R5|anycpu.ActiveCfg = R5|Any CPU
		{92F41E0A-DF62-45A8-A718-21FE0FFD364E}.R5|anycpu.Build.0 = R5|Any CPU
		{92F41E0A-DF62-45A8-A718-21FE0FFD364E}.Release|anycpu.ActiveCfg = Release|Any CPU
		{92F41E0A-DF62-45A8-A718-21FE0FFD364E}.Release|anycpu.Build.0 = Release|Any CPU
	EndGlobalSection
	GlobalSection(SolutionProperties) = preSolution
		HideSolutionNode = FALSE
	EndGlobalSection
	GlobalSection(ExtensibilityGlobals) = postSolution
		SolutionGuid = {403EDA97-B9F9-45CE-9D0D-536C90288F17}
	EndGlobalSection
EndGlobal
